// !$*UTF8*$!
{
	archiveVersion = 1;
	classes = {
	};
	objectVersion = 56;
	objects = {

/* Begin PBXBuildFile section */
		006962472AA675FB000FDDE9 /* ThunderstormApp.swift in Sources */ = {isa = PBXBuildFile; fileRef = 006962462AA675FB000FDDE9 /* ThunderstormApp.swift */; };
		0069624B2AA675FC000FDDE9 /* Assets.xcassets in Resources */ = {isa = PBXBuildFile; fileRef = 0069624A2AA675FC000FDDE9 /* Assets.xcassets */; };
		0069624E2AA675FC000FDDE9 /* Preview Assets.xcassets in Resources */ = {isa = PBXBuildFile; fileRef = 0069624D2AA675FC000FDDE9 /* Preview Assets.xcassets */; };
		006962592AA6764B000FDDE9 /* LocationsView.swift in Sources */ = {isa = PBXBuildFile; fileRef = 006962582AA6764B000FDDE9 /* LocationsView.swift */; };
		0069625C2AA6767F000FDDE9 /* LocationsViewModel.swift in Sources */ = {isa = PBXBuildFile; fileRef = 0069625B2AA6767F000FDDE9 /* LocationsViewModel.swift */; };
		0069625F2AA679BD000FDDE9 /* Location.swift in Sources */ = {isa = PBXBuildFile; fileRef = 0069625E2AA679BD000FDDE9 /* Location.swift */; };
		006962612AA67AFA000FDDE9 /* LocationCellViewModel.swift in Sources */ = {isa = PBXBuildFile; fileRef = 006962602AA67AFA000FDDE9 /* LocationCellViewModel.swift */; };
		006962632AA67E7C000FDDE9 /* LocationCell.swift in Sources */ = {isa = PBXBuildFile; fileRef = 006962622AA67E7C000FDDE9 /* LocationCell.swift */; };
		007F76702AD96898009954E0 /* Geocoder.swift in Sources */ = {isa = PBXBuildFile; fileRef = 007F766F2AD96898009954E0 /* Geocoder.swift */; };
		007F76732AD96920009954E0 /* CLGeocoder+Geocoder.swift in Sources */ = {isa = PBXBuildFile; fileRef = 007F76722AD96920009954E0 /* CLGeocoder+Geocoder.swift */; };
		007F76752AD9735F009954E0 /* UserDefaults+Helper.swift in Sources */ = {isa = PBXBuildFile; fileRef = 007F76742AD9735F009954E0 /* UserDefaults+Helper.swift */; };
		00AEE6202AA7CE5D0080E57A /* LocationView.swift in Sources */ = {isa = PBXBuildFile; fileRef = 00AEE61F2AA7CE5D0080E57A /* LocationView.swift */; };
		00AEE6232AA7CE970080E57A /* LocationViewModel.swift in Sources */ = {isa = PBXBuildFile; fileRef = 00AEE6222AA7CE970080E57A /* LocationViewModel.swift */; };
		00AEE6252AA7CF430080E57A /* CurrentConditionsView.swift in Sources */ = {isa = PBXBuildFile; fileRef = 00AEE6242AA7CF430080E57A /* CurrentConditionsView.swift */; };
		00AEE6272AA7CF4E0080E57A /* CurrentConditionsViewModel.swift in Sources */ = {isa = PBXBuildFile; fileRef = 00AEE6262AA7CF4E0080E57A /* CurrentConditionsViewModel.swift */; };
		00AEE6292AA7D1A40080E57A /* ForecastViewModel.swift in Sources */ = {isa = PBXBuildFile; fileRef = 00AEE6282AA7D1A40080E57A /* ForecastViewModel.swift */; };
		00AEE62B2AA7D1B40080E57A /* ForecastView.swift in Sources */ = {isa = PBXBuildFile; fileRef = 00AEE62A2AA7D1B40080E57A /* ForecastView.swift */; };
		00AEE62D2AA7DA220080E57A /* ForecastCellViewModel.swift in Sources */ = {isa = PBXBuildFile; fileRef = 00AEE62C2AA7DA220080E57A /* ForecastCellViewModel.swift */; };
		00AEE62F2AA7DA3A0080E57A /* ForecastCell.swift in Sources */ = {isa = PBXBuildFile; fileRef = 00AEE62E2AA7DA3A0080E57A /* ForecastCell.swift */; };
		00AEE6312AA7DFEC0080E57A /* Colors.swift in Sources */ = {isa = PBXBuildFile; fileRef = 00AEE6302AA7DFEC0080E57A /* Colors.swift */; };
		00EABBD62AD064C600288879 /* AddLocationView.swift in Sources */ = {isa = PBXBuildFile; fileRef = 00EABBD52AD064C600288879 /* AddLocationView.swift */; };
		00EABBD92AD064DE00288879 /* AddLocationViewModel.swift in Sources */ = {isa = PBXBuildFile; fileRef = 00EABBD82AD064DE00288879 /* AddLocationViewModel.swift */; };
		00EABBDB2AD0666500288879 /* AddLocationCellView.swift in Sources */ = {isa = PBXBuildFile; fileRef = 00EABBDA2AD0666500288879 /* AddLocationCellView.swift */; };
		00EABBDD2AD0667700288879 /* AddLocationCellViewModel.swift in Sources */ = {isa = PBXBuildFile; fileRef = 00EABBDC2AD0667700288879 /* AddLocationCellViewModel.swift */; };
		00EABBE02AD0786E00288879 /* GeocodingService.swift in Sources */ = {isa = PBXBuildFile; fileRef = 00EABBDF2AD0786E00288879 /* GeocodingService.swift */; };
		00EABBE22AD078A200288879 /* GeocodingPreviewClient.swift in Sources */ = {isa = PBXBuildFile; fileRef = 00EABBE12AD078A200288879 /* GeocodingPreviewClient.swift */; };
		00EABBE42AD078C700288879 /* GeocodingClient.swift in Sources */ = {isa = PBXBuildFile; fileRef = 00EABBE32AD078C700288879 /* GeocodingClient.swift */; };
/* End PBXBuildFile section */

/* Begin PBXFileReference section */
		006962432AA675FB000FDDE9 /* Thunderstorm.app */ = {isa = PBXFileReference; explicitFileType = wrapper.application; includeInIndex = 0; path = Thunderstorm.app; sourceTree = BUILT_PRODUCTS_DIR; };
		006962462AA675FB000FDDE9 /* ThunderstormApp.swift */ = {isa = PBXFileReference; lastKnownFileType = sourcecode.swift; path = ThunderstormApp.swift; sourceTree = "<group>"; };
		0069624A2AA675FC000FDDE9 /* Assets.xcassets */ = {isa = PBXFileReference; lastKnownFileType = folder.assetcatalog; path = Assets.xcassets; sourceTree = "<group>"; };
		0069624D2AA675FC000FDDE9 /* Preview Assets.xcassets */ = {isa = PBXFileReference; lastKnownFileType = folder.assetcatalog; path = "Preview Assets.xcassets"; sourceTree = "<group>"; };
		006962582AA6764B000FDDE9 /* LocationsView.swift */ = {isa = PBXFileReference; lastKnownFileType = sourcecode.swift; path = LocationsView.swift; sourceTree = "<group>"; };
		0069625B2AA6767F000FDDE9 /* LocationsViewModel.swift */ = {isa = PBXFileReference; lastKnownFileType = sourcecode.swift; path = LocationsViewModel.swift; sourceTree = "<group>"; };
		0069625E2AA679BD000FDDE9 /* Location.swift */ = {isa = PBXFileReference; lastKnownFileType = sourcecode.swift; path = Location.swift; sourceTree = "<group>"; };
		006962602AA67AFA000FDDE9 /* LocationCellViewModel.swift */ = {isa = PBXFileReference; lastKnownFileType = sourcecode.swift; path = LocationCellViewModel.swift; sourceTree = "<group>"; };
		006962622AA67E7C000FDDE9 /* LocationCell.swift */ = {isa = PBXFileReference; lastKnownFileType = sourcecode.swift; path = LocationCell.swift; sourceTree = "<group>"; };
		007F766F2AD96898009954E0 /* Geocoder.swift */ = {isa = PBXFileReference; lastKnownFileType = sourcecode.swift; path = Geocoder.swift; sourceTree = "<group>"; };
		007F76722AD96920009954E0 /* CLGeocoder+Geocoder.swift */ = {isa = PBXFileReference; lastKnownFileType = sourcecode.swift; path = "CLGeocoder+Geocoder.swift"; sourceTree = "<group>"; };
		007F76742AD9735F009954E0 /* UserDefaults+Helper.swift */ = {isa = PBXFileReference; lastKnownFileType = sourcecode.swift; path = "UserDefaults+Helper.swift"; sourceTree = "<group>"; };
		00AEE61F2AA7CE5D0080E57A /* LocationView.swift */ = {isa = PBXFileReference; lastKnownFileType = sourcecode.swift; path = LocationView.swift; sourceTree = "<group>"; };
		00AEE6222AA7CE970080E57A /* LocationViewModel.swift */ = {isa = PBXFileReference; lastKnownFileType = sourcecode.swift; path = LocationViewModel.swift; sourceTree = "<group>"; };
		00AEE6242AA7CF430080E57A /* CurrentConditionsView.swift */ = {isa = PBXFileReference; lastKnownFileType = sourcecode.swift; path = CurrentConditionsView.swift; sourceTree = "<group>"; };
		00AEE6262AA7CF4E0080E57A /* CurrentConditionsViewModel.swift */ = {isa = PBXFileReference; lastKnownFileType = sourcecode.swift; path = CurrentConditionsViewModel.swift; sourceTree = "<group>"; };
		00AEE6282AA7D1A40080E57A /* ForecastViewModel.swift */ = {isa = PBXFileReference; lastKnownFileType = sourcecode.swift; path = ForecastViewModel.swift; sourceTree = "<group>"; };
		00AEE62A2AA7D1B40080E57A /* ForecastView.swift */ = {isa = PBXFileReference; lastKnownFileType = sourcecode.swift; path = ForecastView.swift; sourceTree = "<group>"; };
		00AEE62C2AA7DA220080E57A /* ForecastCellViewModel.swift */ = {isa = PBXFileReference; lastKnownFileType = sourcecode.swift; path = ForecastCellViewModel.swift; sourceTree = "<group>"; };
		00AEE62E2AA7DA3A0080E57A /* ForecastCell.swift */ = {isa = PBXFileReference; lastKnownFileType = sourcecode.swift; path = ForecastCell.swift; sourceTree = "<group>"; };
		00AEE6302AA7DFEC0080E57A /* Colors.swift */ = {isa = PBXFileReference; lastKnownFileType = sourcecode.swift; path = Colors.swift; sourceTree = "<group>"; };
		00EABBD52AD064C600288879 /* AddLocationView.swift */ = {isa = PBXFileReference; lastKnownFileType = sourcecode.swift; path = AddLocationView.swift; sourceTree = "<group>"; };
		00EABBD82AD064DE00288879 /* AddLocationViewModel.swift */ = {isa = PBXFileReference; lastKnownFileType = sourcecode.swift; path = AddLocationViewModel.swift; sourceTree = "<group>"; };
		00EABBDA2AD0666500288879 /* AddLocationCellView.swift */ = {isa = PBXFileReference; lastKnownFileType = sourcecode.swift; path = AddLocationCellView.swift; sourceTree = "<group>"; };
		00EABBDC2AD0667700288879 /* AddLocationCellViewModel.swift */ = {isa = PBXFileReference; lastKnownFileType = sourcecode.swift; path = AddLocationCellViewModel.swift; sourceTree = "<group>"; };
		00EABBDF2AD0786E00288879 /* GeocodingService.swift */ = {isa = PBXFileReference; lastKnownFileType = sourcecode.swift; path = GeocodingService.swift; sourceTree = "<group>"; };
		00EABBE12AD078A200288879 /* GeocodingPreviewClient.swift */ = {isa = PBXFileReference; lastKnownFileType = sourcecode.swift; path = GeocodingPreviewClient.swift; sourceTree = "<group>"; };
		00EABBE32AD078C700288879 /* GeocodingClient.swift */ = {isa = PBXFileReference; lastKnownFileType = sourcecode.swift; path = GeocodingClient.swift; sourceTree = "<group>"; };
/* End PBXFileReference section */

/* Begin PBXFrameworksBuildPhase section */
		006962402AA675FB000FDDE9 /* Frameworks */ = {
			isa = PBXFrameworksBuildPhase;
			buildActionMask = 2147483647;
			files = (
			);
			runOnlyForDeploymentPostprocessing = 0;
		};
/* End PBXFrameworksBuildPhase section */

/* Begin PBXGroup section */
		0069623A2AA675FB000FDDE9 = {
			isa = PBXGroup;
			children = (
				006962452AA675FB000FDDE9 /* Thunderstorm */,
				006962442AA675FB000FDDE9 /* Products */,
			);
			sourceTree = "<group>";
		};
		006962442AA675FB000FDDE9 /* Products */ = {
			isa = PBXGroup;
			children = (
				006962432AA675FB000FDDE9 /* Thunderstorm.app */,
			);
			name = Products;
			sourceTree = "<group>";
		};
		006962452AA675FB000FDDE9 /* Thunderstorm */ = {
			isa = PBXGroup;
			children = (
				007F76712AD96913009954E0 /* Extensions */,
				0069625D2AA679B2000FDDE9 /* Models */,
				006962562AA67618000FDDE9 /* App */,
				006962552AA6760D000FDDE9 /* Views */,
				00EABBDE2AD0786000288879 /* Geocoding */,
				006962542AA67605000FDDE9 /* Resources */,
				0069624C2AA675FC000FDDE9 /* Preview Content */,
			);
			path = Thunderstorm;
			sourceTree = "<group>";
		};
		0069624C2AA675FC000FDDE9 /* Preview Content */ = {
			isa = PBXGroup;
			children = (
				0069624D2AA675FC000FDDE9 /* Preview Assets.xcassets */,
			);
			path = "Preview Content";
			sourceTree = "<group>";
		};
		006962542AA67605000FDDE9 /* Resources */ = {
			isa = PBXGroup;
			children = (
				0069624A2AA675FC000FDDE9 /* Assets.xcassets */,
				00AEE6302AA7DFEC0080E57A /* Colors.swift */,
			);
			path = Resources;
			sourceTree = "<group>";
		};
		006962552AA6760D000FDDE9 /* Views */ = {
			isa = PBXGroup;
			children = (
				00EABBD42AD064BB00288879 /* Add Location */,
				00AEE61E2AA7CE450080E57A /* Location */,
				006962572AA6763D000FDDE9 /* Locations */,
			);
			path = Views;
			sourceTree = "<group>";
		};
		006962562AA67618000FDDE9 /* App */ = {
			isa = PBXGroup;
			children = (
				006962462AA675FB000FDDE9 /* ThunderstormApp.swift */,
			);
			path = App;
			sourceTree = "<group>";
		};
		006962572AA6763D000FDDE9 /* Locations */ = {
			isa = PBXGroup;
			children = (
				006962582AA6764B000FDDE9 /* LocationsView.swift */,
				006962622AA67E7C000FDDE9 /* LocationCell.swift */,
				0069625A2AA67670000FDDE9 /* ViewModels */,
			);
			path = Locations;
			sourceTree = "<group>";
		};
		0069625A2AA67670000FDDE9 /* ViewModels */ = {
			isa = PBXGroup;
			children = (
				0069625B2AA6767F000FDDE9 /* LocationsViewModel.swift */,
				006962602AA67AFA000FDDE9 /* LocationCellViewModel.swift */,
			);
			path = ViewModels;
			sourceTree = "<group>";
		};
		0069625D2AA679B2000FDDE9 /* Models */ = {
			isa = PBXGroup;
			children = (
				0069625E2AA679BD000FDDE9 /* Location.swift */,
			);
			path = Models;
			sourceTree = "<group>";
		};
		007F76712AD96913009954E0 /* Extensions */ = {
			isa = PBXGroup;
			children = (
				007F76722AD96920009954E0 /* CLGeocoder+Geocoder.swift */,
				007F76742AD9735F009954E0 /* UserDefaults+Helper.swift */,
			);
			path = Extensions;
			sourceTree = "<group>";
		};
		00AEE61E2AA7CE450080E57A /* Location */ = {
			isa = PBXGroup;
			children = (
				00AEE6212AA7CE8D0080E57A /* View Models */,
				00AEE61F2AA7CE5D0080E57A /* LocationView.swift */,
				00AEE6242AA7CF430080E57A /* CurrentConditionsView.swift */,
				00AEE62A2AA7D1B40080E57A /* ForecastView.swift */,
				00AEE62E2AA7DA3A0080E57A /* ForecastCell.swift */,
			);
			path = Location;
			sourceTree = "<group>";
		};
		00AEE6212AA7CE8D0080E57A /* View Models */ = {
			isa = PBXGroup;
			children = (
				00AEE62C2AA7DA220080E57A /* ForecastCellViewModel.swift */,
				00AEE6222AA7CE970080E57A /* LocationViewModel.swift */,
				00AEE6262AA7CF4E0080E57A /* CurrentConditionsViewModel.swift */,
				00AEE6282AA7D1A40080E57A /* ForecastViewModel.swift */,
			);
			path = "View Models";
			sourceTree = "<group>";
		};
		00EABBD42AD064BB00288879 /* Add Location */ = {
			isa = PBXGroup;
			children = (
				00EABBD52AD064C600288879 /* AddLocationView.swift */,
				00EABBDA2AD0666500288879 /* AddLocationCellView.swift */,
				00EABBD72AD064CF00288879 /* ViewModels */,
			);
			path = "Add Location";
			sourceTree = "<group>";
		};
		00EABBD72AD064CF00288879 /* ViewModels */ = {
			isa = PBXGroup;
			children = (
				00EABBD82AD064DE00288879 /* AddLocationViewModel.swift */,
				00EABBDC2AD0667700288879 /* AddLocationCellViewModel.swift */,
			);
			path = ViewModels;
			sourceTree = "<group>";
		};
		00EABBDE2AD0786000288879 /* Geocoding */ = {
			isa = PBXGroup;
			children = (
				00EABBDF2AD0786E00288879 /* GeocodingService.swift */,
				00EABBE12AD078A200288879 /* GeocodingPreviewClient.swift */,
				00EABBE32AD078C700288879 /* GeocodingClient.swift */,
				007F766F2AD96898009954E0 /* Geocoder.swift */,
			);
			path = Geocoding;
			sourceTree = "<group>";
		};
/* End PBXGroup section */

/* Begin PBXNativeTarget section */
		006962422AA675FB000FDDE9 /* Thunderstorm */ = {
			isa = PBXNativeTarget;
			buildConfigurationList = 006962512AA675FC000FDDE9 /* Build configuration list for PBXNativeTarget "Thunderstorm" */;
			buildPhases = (
				0069623F2AA675FB000FDDE9 /* Sources */,
				006962402AA675FB000FDDE9 /* Frameworks */,
				006962412AA675FB000FDDE9 /* Resources */,
			);
			buildRules = (
			);
			dependencies = (
			);
			name = Thunderstorm;
			productName = Thunderstorm;
			productReference = 006962432AA675FB000FDDE9 /* Thunderstorm.app */;
			productType = "com.apple.product-type.application";
		};
/* End PBXNativeTarget section */

/* Begin PBXProject section */
		0069623B2AA675FB000FDDE9 /* Project object */ = {
			isa = PBXProject;
			attributes = {
				BuildIndependentTargetsInParallel = 1;
				LastSwiftUpdateCheck = 1430;
				LastUpgradeCheck = 1430;
				TargetAttributes = {
					006962422AA675FB000FDDE9 = {
						CreatedOnToolsVersion = 14.3.1;
					};
				};
			};
			buildConfigurationList = 0069623E2AA675FB000FDDE9 /* Build configuration list for PBXProject "Thunderstorm" */;
			compatibilityVersion = "Xcode 14.0";
			developmentRegion = en;
			hasScannedForEncodings = 0;
			knownRegions = (
				en,
				Base,
			);
			mainGroup = 0069623A2AA675FB000FDDE9;
			productRefGroup = 006962442AA675FB000FDDE9 /* Products */;
			projectDirPath = "";
			projectRoot = "";
			targets = (
				006962422AA675FB000FDDE9 /* Thunderstorm */,
			);
		};
/* End PBXProject section */

/* Begin PBXResourcesBuildPhase section */
		006962412AA675FB000FDDE9 /* Resources */ = {
			isa = PBXResourcesBuildPhase;
			buildActionMask = 2147483647;
			files = (
				0069624E2AA675FC000FDDE9 /* Preview Assets.xcassets in Resources */,
				0069624B2AA675FC000FDDE9 /* Assets.xcassets in Resources */,
			);
			runOnlyForDeploymentPostprocessing = 0;
		};
/* End PBXResourcesBuildPhase section */

/* Begin PBXSourcesBuildPhase section */
		0069623F2AA675FB000FDDE9 /* Sources */ = {
			isa = PBXSourcesBuildPhase;
			buildActionMask = 2147483647;
			files = (
				00AEE6272AA7CF4E0080E57A /* CurrentConditionsViewModel.swift in Sources */,
				00EABBE02AD0786E00288879 /* GeocodingService.swift in Sources */,
				00AEE6312AA7DFEC0080E57A /* Colors.swift in Sources */,
				00EABBDD2AD0667700288879 /* AddLocationCellViewModel.swift in Sources */,
				00AEE6252AA7CF430080E57A /* CurrentConditionsView.swift in Sources */,
				006962592AA6764B000FDDE9 /* LocationsView.swift in Sources */,
				007F76732AD96920009954E0 /* CLGeocoder+Geocoder.swift in Sources */,
				006962632AA67E7C000FDDE9 /* LocationCell.swift in Sources */,
				006962472AA675FB000FDDE9 /* ThunderstormApp.swift in Sources */,
				0069625F2AA679BD000FDDE9 /* Location.swift in Sources */,
				007F76752AD9735F009954E0 /* UserDefaults+Helper.swift in Sources */,
				00EABBD92AD064DE00288879 /* AddLocationViewModel.swift in Sources */,
				007F76702AD96898009954E0 /* Geocoder.swift in Sources */,
				00AEE6292AA7D1A40080E57A /* ForecastViewModel.swift in Sources */,
				00AEE6202AA7CE5D0080E57A /* LocationView.swift in Sources */,
				0069625C2AA6767F000FDDE9 /* LocationsViewModel.swift in Sources */,
				00EABBE22AD078A200288879 /* GeocodingPreviewClient.swift in Sources */,
				00EABBE42AD078C700288879 /* GeocodingClient.swift in Sources */,
				00AEE62F2AA7DA3A0080E57A /* ForecastCell.swift in Sources */,
				006962612AA67AFA000FDDE9 /* LocationCellViewModel.swift in Sources */,
				00AEE62D2AA7DA220080E57A /* ForecastCellViewModel.swift in Sources */,
				00EABBD62AD064C600288879 /* AddLocationView.swift in Sources */,
				00AEE6232AA7CE970080E57A /* LocationViewModel.swift in Sources */,
				00AEE62B2AA7D1B40080E57A /* ForecastView.swift in Sources */,
				00EABBDB2AD0666500288879 /* AddLocationCellView.swift in Sources */,
			);
			runOnlyForDeploymentPostprocessing = 0;
		};
/* End PBXSourcesBuildPhase section */

/* Begin XCBuildConfiguration section */
		0069624F2AA675FC000FDDE9 /* Debug */ = {
			isa = XCBuildConfiguration;
			buildSettings = {
				ALWAYS_SEARCH_USER_PATHS = NO;
				CLANG_ANALYZER_NONNULL = YES;
				CLANG_ANALYZER_NUMBER_OBJECT_CONVERSION = YES_AGGRESSIVE;
				CLANG_CXX_LANGUAGE_STANDARD = "gnu++20";
				CLANG_ENABLE_MODULES = YES;
				CLANG_ENABLE_OBJC_ARC = YES;
				CLANG_ENABLE_OBJC_WEAK = YES;
				CLANG_WARN_BLOCK_CAPTURE_AUTORELEASING = YES;
				CLANG_WARN_BOOL_CONVERSION = YES;
				CLANG_WARN_COMMA = YES;
				CLANG_WARN_CONSTANT_CONVERSION = YES;
				CLANG_WARN_DEPRECATED_OBJC_IMPLEMENTATIONS = YES;
				CLANG_WARN_DIRECT_OBJC_ISA_USAGE = YES_ERROR;
				CLANG_WARN_DOCUMENTATION_COMMENTS = YES;
				CLANG_WARN_EMPTY_BODY = YES;
				CLANG_WARN_ENUM_CONVERSION = YES;
				CLANG_WARN_INFINITE_RECURSION = YES;
				CLANG_WARN_INT_CONVERSION = YES;
				CLANG_WARN_NON_LITERAL_NULL_CONVERSION = YES;
				CLANG_WARN_OBJC_IMPLICIT_RETAIN_SELF = YES;
				CLANG_WARN_OBJC_LITERAL_CONVERSION = YES;
				CLANG_WARN_OBJC_ROOT_CLASS = YES_ERROR;
				CLANG_WARN_QUOTED_INCLUDE_IN_FRAMEWORK_HEADER = YES;
				CLANG_WARN_RANGE_LOOP_ANALYSIS = YES;
				CLANG_WARN_STRICT_PROTOTYPES = YES;
				CLANG_WARN_SUSPICIOUS_MOVE = YES;
				CLANG_WARN_UNGUARDED_AVAILABILITY = YES_AGGRESSIVE;
				CLANG_WARN_UNREACHABLE_CODE = YES;
				CLANG_WARN__DUPLICATE_METHOD_MATCH = YES;
				COPY_PHASE_STRIP = NO;
				DEBUG_INFORMATION_FORMAT = dwarf;
				ENABLE_STRICT_OBJC_MSGSEND = YES;
				ENABLE_TESTABILITY = YES;
				GCC_C_LANGUAGE_STANDARD = gnu11;
				GCC_DYNAMIC_NO_PIC = NO;
				GCC_NO_COMMON_BLOCKS = YES;
				GCC_OPTIMIZATION_LEVEL = 0;
				GCC_PREPROCESSOR_DEFINITIONS = (
					"DEBUG=1",
					"$(inherited)",
				);
				GCC_WARN_64_TO_32_BIT_CONVERSION = YES;
				GCC_WARN_ABOUT_RETURN_TYPE = YES_ERROR;
				GCC_WARN_UNDECLARED_SELECTOR = YES;
				GCC_WARN_UNINITIALIZED_AUTOS = YES_AGGRESSIVE;
				GCC_WARN_UNUSED_FUNCTION = YES;
				GCC_WARN_UNUSED_VARIABLE = YES;
				IPHONEOS_DEPLOYMENT_TARGET = 16.4;
				MTL_ENABLE_DEBUG_INFO = INCLUDE_SOURCE;
				MTL_FAST_MATH = YES;
				ONLY_ACTIVE_ARCH = YES;
				SDKROOT = iphoneos;
				SWIFT_ACTIVE_COMPILATION_CONDITIONS = DEBUG;
				SWIFT_OPTIMIZATION_LEVEL = "-Onone";
			};
			name = Debug;
		};
		006962502AA675FC000FDDE9 /* Release */ = {
			isa = XCBuildConfiguration;
			buildSettings = {
				ALWAYS_SEARCH_USER_PATHS = NO;
				CLANG_ANALYZER_NONNULL = YES;
				CLANG_ANALYZER_NUMBER_OBJECT_CONVERSION = YES_AGGRESSIVE;
				CLANG_CXX_LANGUAGE_STANDARD = "gnu++20";
				CLANG_ENABLE_MODULES = YES;
				CLANG_ENABLE_OBJC_ARC = YES;
				CLANG_ENABLE_OBJC_WEAK = YES;
				CLANG_WARN_BLOCK_CAPTURE_AUTORELEASING = YES;
				CLANG_WARN_BOOL_CONVERSION = YES;
				CLANG_WARN_COMMA = YES;
				CLANG_WARN_CONSTANT_CONVERSION = YES;
				CLANG_WARN_DEPRECATED_OBJC_IMPLEMENTATIONS = YES;
				CLANG_WARN_DIRECT_OBJC_ISA_USAGE = YES_ERROR;
				CLANG_WARN_DOCUMENTATION_COMMENTS = YES;
				CLANG_WARN_EMPTY_BODY = YES;
				CLANG_WARN_ENUM_CONVERSION = YES;
				CLANG_WARN_INFINITE_RECURSION = YES;
				CLANG_WARN_INT_CONVERSION = YES;
				CLANG_WARN_NON_LITERAL_NULL_CONVERSION = YES;
				CLANG_WARN_OBJC_IMPLICIT_RETAIN_SELF = YES;
				CLANG_WARN_OBJC_LITERAL_CONVERSION = YES;
				CLANG_WARN_OBJC_ROOT_CLASS = YES_ERROR;
				CLANG_WARN_QUOTED_INCLUDE_IN_FRAMEWORK_HEADER = YES;
				CLANG_WARN_RANGE_LOOP_ANALYSIS = YES;
				CLANG_WARN_STRICT_PROTOTYPES = YES;
				CLANG_WARN_SUSPICIOUS_MOVE = YES;
				CLANG_WARN_UNGUARDED_AVAILABILITY = YES_AGGRESSIVE;
				CLANG_WARN_UNREACHABLE_CODE = YES;
				CLANG_WARN__DUPLICATE_METHOD_MATCH = YES;
				COPY_PHASE_STRIP = NO;
				DEBUG_INFORMATION_FORMAT = "dwarf-with-dsym";
				ENABLE_NS_ASSERTIONS = NO;
				ENABLE_STRICT_OBJC_MSGSEND = YES;
				GCC_C_LANGUAGE_STANDARD = gnu11;
				GCC_NO_COMMON_BLOCKS = YES;
				GCC_WARN_64_TO_32_BIT_CONVERSION = YES;
				GCC_WARN_ABOUT_RETURN_TYPE = YES_ERROR;
				GCC_WARN_UNDECLARED_SELECTOR = YES;
				GCC_WARN_UNINITIALIZED_AUTOS = YES_AGGRESSIVE;
				GCC_WARN_UNUSED_FUNCTION = YES;
				GCC_WARN_UNUSED_VARIABLE = YES;
				IPHONEOS_DEPLOYMENT_TARGET = 16.4;
				MTL_ENABLE_DEBUG_INFO = NO;
				MTL_FAST_MATH = YES;
				SDKROOT = iphoneos;
				SWIFT_COMPILATION_MODE = wholemodule;
				SWIFT_OPTIMIZATION_LEVEL = "-O";
				VALIDATE_PRODUCT = YES;
			};
			name = Release;
		};
		006962522AA675FC000FDDE9 /* Debug */ = {
			isa = XCBuildConfiguration;
			buildSettings = {
				ASSETCATALOG_COMPILER_APPICON_NAME = AppIcon;
				ASSETCATALOG_COMPILER_GLOBAL_ACCENT_COLOR_NAME = AccentColor;
				CODE_SIGN_STYLE = Automatic;
				CURRENT_PROJECT_VERSION = 1;
				DEVELOPMENT_ASSET_PATHS = "\"Thunderstorm/Preview Content\"";
				DEVELOPMENT_TEAM = UK87X7N6A9;
				ENABLE_PREVIEWS = YES;
				GENERATE_INFOPLIST_FILE = YES;
				INFOPLIST_KEY_UIApplicationSceneManifest_Generation = YES;
				INFOPLIST_KEY_UIApplicationSupportsIndirectInputEvents = YES;
				INFOPLIST_KEY_UILaunchScreen_Generation = YES;
				INFOPLIST_KEY_UISupportedInterfaceOrientations_iPad = "UIInterfaceOrientationPortrait UIInterfaceOrientationPortraitUpsideDown UIInterfaceOrientationLandscapeLeft UIInterfaceOrientationLandscapeRight";
				INFOPLIST_KEY_UISupportedInterfaceOrientations_iPhone = "UIInterfaceOrientationPortrait UIInterfaceOrientationLandscapeLeft UIInterfaceOrientationLandscapeRight";
				LD_RUNPATH_SEARCH_PATHS = (
					"$(inherited)",
					"@executable_path/Frameworks",
				);
				MARKETING_VERSION = 1.0;
				PRODUCT_BUNDLE_IDENTIFIER = com.github.jheisecke.Thunderstorm;
				PRODUCT_NAME = "$(TARGET_NAME)";
				SWIFT_EMIT_LOC_STRINGS = YES;
				SWIFT_VERSION = 5.0;
				TARGETED_DEVICE_FAMILY = "1,2";
			};
			name = Debug;
		};
		006962532AA675FC000FDDE9 /* Release */ = {
			isa = XCBuildConfiguration;
			buildSettings = {
				ASSETCATALOG_COMPILER_APPICON_NAME = AppIcon;
				ASSETCATALOG_COMPILER_GLOBAL_ACCENT_COLOR_NAME = AccentColor;
				CODE_SIGN_STYLE = Automatic;
				CURRENT_PROJECT_VERSION = 1;
				DEVELOPMENT_ASSET_PATHS = "\"Thunderstorm/Preview Content\"";
				DEVELOPMENT_TEAM = UK87X7N6A9;
				ENABLE_PREVIEWS = YES;
				GENERATE_INFOPLIST_FILE = YES;
				INFOPLIST_KEY_UIApplicationSceneManifest_Generation = YES;
				INFOPLIST_KEY_UIApplicationSupportsIndirectInputEvents = YES;
				INFOPLIST_KEY_UILaunchScreen_Generation = YES;
				INFOPLIST_KEY_UISupportedInterfaceOrientations_iPad = "UIInterfaceOrientationPortrait UIInterfaceOrientationPortraitUpsideDown UIInterfaceOrientationLandscapeLeft UIInterfaceOrientationLandscapeRight";
				INFOPLIST_KEY_UISupportedInterfaceOrientations_iPhone = "UIInterfaceOrientationPortrait UIInterfaceOrientationLandscapeLeft UIInterfaceOrientationLandscapeRight";
				LD_RUNPATH_SEARCH_PATHS = (
					"$(inherited)",
					"@executable_path/Frameworks",
				);
				MARKETING_VERSION = 1.0;
				PRODUCT_BUNDLE_IDENTIFIER = com.github.jheisecke.Thunderstorm;
				PRODUCT_NAME = "$(TARGET_NAME)";
				SWIFT_EMIT_LOC_STRINGS = YES;
				SWIFT_VERSION = 5.0;
				TARGETED_DEVICE_FAMILY = "1,2";
			};
			name = Release;
		};
/* End XCBuildConfiguration section */

/* Begin XCConfigurationList section */
		0069623E2AA675FB000FDDE9 /* Build configuration list for PBXProject "Thunderstorm" */ = {
			isa = XCConfigurationList;
			buildConfigurations = (
				0069624F2AA675FC000FDDE9 /* Debug */,
				006962502AA675FC000FDDE9 /* Release */,
			);
			defaultConfigurationIsVisible = 0;
			defaultConfigurationName = Release;
		};
		006962512AA675FC000FDDE9 /* Build configuration list for PBXNativeTarget "Thunderstorm" */ = {
			isa = XCConfigurationList;
			buildConfigurations = (
				006962522AA675FC000FDDE9 /* Debug */,
				006962532AA675FC000FDDE9 /* Release */,
			);
			defaultConfigurationIsVisible = 0;
			defaultConfigurationName = Release;
		};
/* End XCConfigurationList section */
	};
	rootObject = 0069623B2AA675FB000FDDE9 /* Project object */;
}
